
Microsoft Visual Studio Solution File, Format Version 12.00
# Visual Studio Version 17
VisualStudioVersion = 17.13.35931.197 d17.13
MinimumVisualStudioVersion = 10.0.40219.1
Project("{FAE04EC0-301F-11D3-BF4B-00C04F79EFBC}") = "WinFormsApp1", "WinFormsApp1.csproj", "{82634DC6-CD32-4649-A2AA-E6D681E97D67}"
EndProject
Global
	GlobalSection(SolutionConfigurationPlatforms) = preSolution
		Debug|Any CPU = Debug|Any CPU
		Release|Any CPU = Release|Any CPU
	EndGlobalSection
	GlobalSection(ProjectConfigurationPlatforms) = postSolution
		{82634DC6-CD32-4649-A2AA-E6D681E97D67}.Debug|Any CPU.ActiveCfg = Debug|Any CPU
		{82634DC6-CD32-4649-A2AA-E6D681E97D67}.Debug|Any CPU.Build.0 = Debug|Any CPU
		{82634DC6-CD32-4649-A2AA-E6D681E97D67}.Release|Any CPU.ActiveCfg = Release|Any CPU
		{82634DC6-CD32-4649-A2AA-E6D681E97D67}.Release|Any CPU.Build.0 = Release|Any CPU
	EndGlobalSection
	GlobalSection(SolutionProperties) = preSolution
		HideSolutionNode = FALSE
	EndGlobalSection
	GlobalSection(ExtensibilityGlobals) = postSolution
		SolutionGuid = {A13E347B-2F86-4725-BBA4-706B6233BAB4}
	EndGlobalSection
EndGlobal
